{
    "name": "nycanarchistevents",
    "version": "1.0.0",
    "lockfileVersion": 1,
    "requires": true,
    "dependencies": {
        "@fullcalendar/common": {
            "version": "5.5.1",
            "resolved": "https://registry.npmjs.org/@fullcalendar/common/-/common-5.5.1.tgz",
            "integrity": "sha512-tfVlX4aBHxCDJAVkUm93FXScOhmdz6/vUy/ISfpNeRNYuUvhJbmjoH67DpGNdS3we2n6/dVte021TE4Bbo4uRA==",
            "requires": {
                "ical.js": "^1.4.0",
                "tslib": "^2.0.3"
            }
        },
        "@fullcalendar/icalendar": {
            "version": "5.5.1",
            "resolved": "https://registry.npmjs.org/@fullcalendar/icalendar/-/icalendar-5.5.1.tgz",
            "integrity": "sha512-/zf39yH1LlK9Cg2n/NUi5/cmYiJZWToOzIodwCJTR1+5vvlfDsAJrY3YwmAQkn1CV5d0mV6D9sSKyEx4PTXWNw==",
            "requires": {
                "@fullcalendar/common": "~5.5.0",
                "ical.js": "^1.4.0",
                "tslib": "^2.0.3"
            }
        },
        "fullcalendar": {
            "version": "3.0.1",
            "resolved": "https://registry.npmjs.org/fullcalendar/-/fullcalendar-3.0.1.tgz",
            "integrity": "sha1-YUlMzemNOSFSnPe4CKr0nT7zLPc=",
            "requires": {
                "jquery": ">=2.0.0",
                "moment": ">=2.9.0"
            }
        },
        "ical.js": {
            "version": "1.4.0",
            "resolved": "https://registry.npmjs.org/ical.js/-/ical.js-1.4.0.tgz",
            "integrity": "sha512-ltHZuOFNNjcyEYbzDgjemS7LWIFh2vydJeznxQHUh3dnarbxqOYsWONYteBVAq1MEOHnwXFGN2eskZReHclnrA=="
        },
        "jquery": {
            "version": "3.5.1",
            "resolved": "https://registry.npmjs.org/jquery/-/jquery-3.5.1.tgz",
            "integrity": "sha512-XwIBPqcMn57FxfT+Go5pzySnm4KWkT1Tv7gjrpT1srtf8Weynl6R273VJ5GjkRb51IzMp5nbaPjJXMWeju2MKg=="
        },
        "moment": {
            "version": "2.29.1",
            "resolved": "https://registry.npmjs.org/moment/-/moment-2.29.1.tgz",
            "integrity": "sha512-kHmoybcPV8Sqy59DwNDY3Jefr64lK/by/da0ViFcuA4DH0vQg5Q6Ze5VimxkfQNSC+Mls/Kx53s7TjP1RhFEDQ=="
        },
        "tslib": {
            "version": "2.1.0",
            "resolved": "https://registry.npmjs.org/tslib/-/tslib-2.1.0.tgz",
            "integrity": "sha512-hcVC3wYEziELGGmEEXue7D75zbwIIVUMWAVbHItGPx0ziyXxrOMQx4rQEVEV45Ut/1IotuEvwqPopzIOkDMf0A=="
        }
    }
}
